# THIS IS AN AUTOGENERATED FILE. DO NOT EDIT THIS FILE DIRECTLY.
# yarn lockfile v1


vue-select@^3.16.0:
  version "3.16.0"
  resolved "https://registry.yarnpkg.com/vue-select/-/vue-select-3.16.0.tgz#db2ee2ddf80bd8876ce57738107b8a1a741862f4"
  integrity sha512-F0x7HXTUc5eq7YSjR0uX77RGA+Yk2+I8aMW+NePyPqRX9OPSiDtKpezFIFhnhxqrOvMh4uVR0jHkXIDmzs6nYQ==
